<?xml version="1.0" encoding="utf-8"?>
<Project ToolsVersion="4.0" xmlns="http://schemas.microsoft.com/developer/msbuild/2003">
  <ItemGroup>
    <Filter Include="src">
      <UniqueIdentifier>{8d71805a-d08e-4e22-8650-19cf99a7ef97}</UniqueIdentifier>
    </Filter>
    <Filter Include="include">
      <UniqueIdentifier>{0444bc3e-e407-4505-af7d-cd5c4c09af94}</UniqueIdentifier>
    </Filter>
  </ItemGroup>
  <ItemGroup>
    <ClCompile Include="src\main.cpp">
      <Filter>src</Filter>
    </ClCompile>
    <ClCompile Include="src\MainWindow.cpp">
      <Filter>src</Filter>
    </ClCompile>
    <ClCompile Include="src\myAISObj.cpp">
      <Filter>src</Filter>
    </ClCompile>
    <ClCompile Include="src\myAisOwner.cpp">
      <Filter>src</Filter>
    </ClCompile>
    <ClCompile Include="src\OcctWindow.cpp">
      <Filter>src</Filter>
    </ClCompile>
    <ClCompile Include="src\View.cpp">
      <Filter>src</Filter>
    </ClCompile>
  </ItemGroup>
  <ItemGroup>
    <ClInclude Include="src\MainWindow.h">
      <Filter>include</Filter>
    </ClInclude>
    <ClInclude Include="src\mAIS.h">
      <Filter>include</Filter>
    </ClInclude>
    <ClInclude Include="src\myAisComman.h">
      <Filter>include</Filter>
    </ClInclude>
    <ClInclude Include="src\myAISObj.h">
      <Filter>include</Filter>
    </ClInclude>
    <ClInclude Include="src\myAisOwner.h">
      <Filter>include</Filter>
    </ClInclude>
    <ClInclude Include="src\myShape.h">
      <Filter>include</Filter>
    </ClInclude>
    <ClInclude Include="src\OcctWindow.h">
      <Filter>include</Filter>
    </ClInclude>
    <ClInclude Include="src\View.h">
      <Filter>include</Filter>
    </ClInclude>
  </ItemGroup>
</Project>